{
  "version": 4,
  "terraform_version": "1.9.2",
  "serial": 35,
  "lineage": "ebbbbce3-685d-6004-975b-ddda97678e36",
  "outputs": {
    "filestore_instance_id": {
      "value": "projects/civil-keyword-429011-g6/locations/us-central1-b/instances/my-filestore-instance",
      "type": "string"
    },
    "filestore_instance_network": {
      "value": {
        "connect_mode": "DIRECT_PEERING",
        "ip_addresses": [
          "10.214.89.250"
        ],
        "modes": [
          "MODE_IPV4"
        ],
        "network": "default",
        "reserved_ip_range": ""
      },
      "type": [
        "object",
        {
          "connect_mode": "string",
          "ip_addresses": [
            "list",
            "string"
          ],
          "modes": [
            "list",
            "string"
          ],
          "network": "string",
          "reserved_ip_range": "string"
        }
      ]
    }
  },
  "resources": [
    {
      "module": "module.filestore_instance",
      "mode": "managed",
      "type": "google_filestore_instance",
      "name": "filestore-instance",
      "provider": "module.filestore_instance.provider[\"registry.terraform.io/hashicorp/google\"]",
      "instances": [
        {
          "schema_version": 1,
          "attributes": {
            "create_time": "2024-07-13T15:16:38.112299347Z",
            "description": "",
            "effective_labels": {},
            "etag": "",
            "file_shares": [
              {
                "capacity_gb": 1024,
                "name": "share1",
                "nfs_export_options": [],
                "source_backup": ""
              }
            ],
            "id": "projects/civil-keyword-429011-g6/locations/us-central1-b/instances/my-filestore-instance",
            "kms_key_name": "",
            "labels": null,
            "location": "us-central1-b",
            "name": "my-filestore-instance",
            "networks": [
              {
                "connect_mode": "DIRECT_PEERING",
                "ip_addresses": [
                  "10.214.89.250"
                ],
                "modes": [
                  "MODE_IPV4"
                ],
                "network": "default",
                "reserved_ip_range": ""
              }
            ],
            "project": "civil-keyword-429011-g6",
            "terraform_labels": {},
            "tier": "STANDARD",
            "timeouts": null,
            "zone": null
          },
          "sensitive_attributes": [],
          "private": "eyJlMmJmYjczMC1lY2FhLTExZTYtOGY4OC0zNDM2M2JjN2M0YzAiOnsiY3JlYXRlIjoxMjAwMDAwMDAwMDAwLCJkZWxldGUiOjEyMDAwMDAwMDAwMDAsInVwZGF0ZSI6MTIwMDAwMDAwMDAwMH0sInNjaGVtYV92ZXJzaW9uIjoiMSJ9"
        }
      ]
    }
  ],
  "check_results": null
}
